github.com/enolgor/go-utils/client v1.1.2 h1:1poHmFC5qNPCl2+FtXFKipPYhqSaDA4bvJUB/I+x9Cs=
github.com/enolgor/go-utils/client v1.1.2/go.mod h1:KSME5h5aVWuzvSbsIBDFtTM6uQ/ch+bHlUZ4tkbESow=
github.com/enolgor/go-utils/conf v1.1.2 h1:v4U0+Y/B0+dtrL4EUEXlWWq1jcw2ipDXCwAMT4yzAlw=
github.com/enolgor/go-utils/conf v1.1.2/go.mod h1:LCjInk11FZXjMi0yJEMfojfJioSlmH+d5rD6AIQQxU0=
github.com/enolgor/go-utils/jwtauth v1.1.2 h1:QeociTtOIaOcFyyFiIxdsQyrr1j1CVEq9hVYpovSoOs=
github.com/enolgor/go-utils/jwtauth v1.1.2/go.mod h1:4DeDwGh6e+qWpW0Y6Ddql8ugzUsClfuk7SiUN2pLRDQ=
github.com/enolgor/go-utils/parse v1.1.2 h1:ooAnzmJazRge7Qgz+Hq1OOkJIde4ppGAe4lMYHYQ+gM=
github.com/enolgor/go-utils/parse v1.1.2/go.mod h1:94GON1FxrESjvlpqiXb9vr4wO4T07GIA7LbYFyYmX0g=
github.com/enolgor/go-utils/sec v1.1.2 h1:UT3SKqqM77j27oMOrH1+h733neD+G1knUmJSNWuSOVA=
github.com/enolgor/go-utils/sec v1.1.2/go.mod h1:WeaJRC5fb5N5UDyRVu4eGZkLlYAaH1HqvlGFA00UuaU=
github.com/enolgor/go-utils/server v1.1.2 h1:5vzrMyDXzk2quqP/Q1NYmQM/hJAa0nC1ArZjmMxcIxw=
github.com/enolgor/go-utils/server v1.1.2/go.mod h1:xiVo6B+UJaiqCbMGDQKREdCW4ZawhG4adDJ32a5Y0BM=
github.com/golang-jwt/jwt/v5 v5.0.0 h1:1n1XNM9hk7O9mnQoNBGolZvzebBQ7p93ULHRc28XJUE=
github.com/golang-jwt/jwt/v5 v5.0.0/go.mod h1:pqrtFR0X4osieyHYxtmOUWsAWrfe1Q5UVIyoH402zdk=
github.com/google/uuid v1.3.1 h1:KjJaJ9iWZ3jOFZIf1Lqf4laDRCasjl0BCmnEGxkdLb4=
github.com/google/uuid v1.3.1/go.mod h1:TIyPZe4MgqvfeYDBFedMoGGpEw/LqOeaOT+nhxU+yHo=
golang.org/x/crypto v0.12.0 h1:tFM/ta59kqch6LlvYnPa0yx5a83cL2nHflFhYKvv9Yk=
golang.org/x/crypto v0.12.0/go.mod h1:NF0Gs7EO5K4qLn+Ylc+fih8BSTeIjAP05siRnAh98yw=
golang.org/x/text v0.13.0 h1:ablQoSUd0tRdKxZewP80B+BaqeKJuVhuRxj/dkrun3k=
golang.org/x/text v0.13.0/go.mod h1:TvPlkZtksWOMsz7fbANvkp4WM8x/WCo/om8BMLbz+aE=
