github.com/enolgor/go-utils/server v1.0.0 h1:JW94LumX30QvlNo+WX2iebLpSOAKXx//QcJokLkUK9w=
github.com/enolgor/go-utils/server v1.0.0/go.mod h1:aO4noxrFP4OnPKIDUPIZjr/fusnO7+LwlNRFU95g3Ug=
github.com/golang-jwt/jwt/v5 v5.0.0 h1:1n1XNM9hk7O9mnQoNBGolZvzebBQ7p93ULHRc28XJUE=
github.com/golang-jwt/jwt/v5 v5.0.0/go.mod h1:pqrtFR0X4osieyHYxtmOUWsAWrfe1Q5UVIyoH402zdk=
